
Microsoft Visual Studio Solution File, Format Version 12.00
# Visual Studio Version 16
VisualStudioVersion = 16.0.31019.35
MinimumVisualStudioVersion = 10.0.40219.1
Project("{FAE04EC0-301F-11D3-BF4B-00C04F79EFBC}") = "DelegateExample", "DelegateExample\DelegateExample.csproj", "{2512AA96-CAD9-4C48-AA2D-99A0A892F150}"
EndProject
Global
	GlobalSection(SolutionConfigurationPlatforms) = preSolution
		Debug|Any CPU = Debug|Any CPU
		Release|Any CPU = Release|Any CPU
	EndGlobalSection
	GlobalSection(ProjectConfigurationPlatforms) = postSolution
		{2512AA96-CAD9-4C48-AA2D-99A0A892F150}.Debug|Any CPU.ActiveCfg = Debug|Any CPU
		{2512AA96-CAD9-4C48-AA2D-99A0A892F150}.Debug|Any CPU.Build.0 = Debug|Any CPU
		{2512AA96-CAD9-4C48-AA2D-99A0A892F150}.Release|Any CPU.ActiveCfg = Release|Any CPU
		{2512AA96-CAD9-4C48-AA2D-99A0A892F150}.Release|Any CPU.Build.0 = Release|Any CPU
	EndGlobalSection
	GlobalSection(SolutionProperties) = preSolution
		HideSolutionNode = FALSE
	EndGlobalSection
	GlobalSection(ExtensibilityGlobals) = postSolution
		SolutionGuid = {D62531F0-5584-424A-92CF-9D9AEAB93540}
	EndGlobalSection
EndGlobal
