
Microsoft Visual Studio Solution File, Format Version 12.00
# Visual Studio Version 16
VisualStudioVersion = 16.0.31019.35
MinimumVisualStudioVersion = 10.0.40219.1
Project("{FAE04EC0-301F-11D3-BF4B-00C04F79EFBC}") = "HashCollectionsExample", "HashCollectionsExample\HashCollectionsExample.csproj", "{DDFE3416-C7F3-435F-AED5-3505B85D4855}"
EndProject
Global
	GlobalSection(SolutionConfigurationPlatforms) = preSolution
		Debug|Any CPU = Debug|Any CPU
		Release|Any CPU = Release|Any CPU
	EndGlobalSection
	GlobalSection(ProjectConfigurationPlatforms) = postSolution
		{DDFE3416-C7F3-435F-AED5-3505B85D4855}.Debug|Any CPU.ActiveCfg = Debug|Any CPU
		{DDFE3416-C7F3-435F-AED5-3505B85D4855}.Debug|Any CPU.Build.0 = Debug|Any CPU
		{DDFE3416-C7F3-435F-AED5-3505B85D4855}.Release|Any CPU.ActiveCfg = Release|Any CPU
		{DDFE3416-C7F3-435F-AED5-3505B85D4855}.Release|Any CPU.Build.0 = Release|Any CPU
	EndGlobalSection
	GlobalSection(SolutionProperties) = preSolution
		HideSolutionNode = FALSE
	EndGlobalSection
	GlobalSection(ExtensibilityGlobals) = postSolution
		SolutionGuid = {A77BD170-F6FA-44AB-8144-60E5BDE32EDA}
	EndGlobalSection
EndGlobal
