
Microsoft Visual Studio Solution File, Format Version 12.00
# Visual Studio Version 16
VisualStudioVersion = 16.0.31019.35
MinimumVisualStudioVersion = 10.0.40219.1
Project("{FAE04EC0-301F-11D3-BF4B-00C04F79EFBC}") = "PathExample", "PathExample\PathExample.csproj", "{B63E12A7-6306-4C70-B1B9-C893FFF1FE13}"
EndProject
Global
	GlobalSection(SolutionConfigurationPlatforms) = preSolution
		Debug|Any CPU = Debug|Any CPU
		Release|Any CPU = Release|Any CPU
	EndGlobalSection
	GlobalSection(ProjectConfigurationPlatforms) = postSolution
		{B63E12A7-6306-4C70-B1B9-C893FFF1FE13}.Debug|Any CPU.ActiveCfg = Debug|Any CPU
		{B63E12A7-6306-4C70-B1B9-C893FFF1FE13}.Debug|Any CPU.Build.0 = Debug|Any CPU
		{B63E12A7-6306-4C70-B1B9-C893FFF1FE13}.Release|Any CPU.ActiveCfg = Release|Any CPU
		{B63E12A7-6306-4C70-B1B9-C893FFF1FE13}.Release|Any CPU.Build.0 = Release|Any CPU
	EndGlobalSection
	GlobalSection(SolutionProperties) = preSolution
		HideSolutionNode = FALSE
	EndGlobalSection
	GlobalSection(ExtensibilityGlobals) = postSolution
		SolutionGuid = {C35AE8B2-F8E0-4A06-9398-A50C20A462AE}
	EndGlobalSection
EndGlobal
