
Microsoft Visual Studio Solution File, Format Version 12.00
# Visual Studio Version 16
VisualStudioVersion = 16.0.31005.135
MinimumVisualStudioVersion = 10.0.40219.1
Project("{FAE04EC0-301F-11D3-BF4B-00C04F79EFBC}") = "InheritanceExample", "InheritanceExample\InheritanceExample.csproj", "{C9D02837-14FA-410B-881D-80740615F739}"
EndProject
Global
	GlobalSection(SolutionConfigurationPlatforms) = preSolution
		Debug|Any CPU = Debug|Any CPU
		Release|Any CPU = Release|Any CPU
	EndGlobalSection
	GlobalSection(ProjectConfigurationPlatforms) = postSolution
		{C9D02837-14FA-410B-881D-80740615F739}.Debug|Any CPU.ActiveCfg = Debug|Any CPU
		{C9D02837-14FA-410B-881D-80740615F739}.Debug|Any CPU.Build.0 = Debug|Any CPU
		{C9D02837-14FA-410B-881D-80740615F739}.Release|Any CPU.ActiveCfg = Release|Any CPU
		{C9D02837-14FA-410B-881D-80740615F739}.Release|Any CPU.Build.0 = Release|Any CPU
	EndGlobalSection
	GlobalSection(SolutionProperties) = preSolution
		HideSolutionNode = FALSE
	EndGlobalSection
	GlobalSection(ExtensibilityGlobals) = postSolution
		SolutionGuid = {114DC6A5-CDB5-4909-9293-ABA5E21B3E8E}
	EndGlobalSection
EndGlobal
