
Microsoft Visual Studio Solution File, Format Version 12.00
# Visual Studio Version 16
VisualStudioVersion = 16.0.31019.35
MinimumVisualStudioVersion = 10.0.40219.1
Project("{FAE04EC0-301F-11D3-BF4B-00C04F79EFBC}") = "DiamondProblemExample", "DiamondProblemExample\DiamondProblemExample.csproj", "{70B6CA8C-B531-4054-9EE4-511B2816F723}"
EndProject
Global
	GlobalSection(SolutionConfigurationPlatforms) = preSolution
		Debug|Any CPU = Debug|Any CPU
		Release|Any CPU = Release|Any CPU
	EndGlobalSection
	GlobalSection(ProjectConfigurationPlatforms) = postSolution
		{70B6CA8C-B531-4054-9EE4-511B2816F723}.Debug|Any CPU.ActiveCfg = Debug|Any CPU
		{70B6CA8C-B531-4054-9EE4-511B2816F723}.Debug|Any CPU.Build.0 = Debug|Any CPU
		{70B6CA8C-B531-4054-9EE4-511B2816F723}.Release|Any CPU.ActiveCfg = Release|Any CPU
		{70B6CA8C-B531-4054-9EE4-511B2816F723}.Release|Any CPU.Build.0 = Release|Any CPU
	EndGlobalSection
	GlobalSection(SolutionProperties) = preSolution
		HideSolutionNode = FALSE
	EndGlobalSection
	GlobalSection(ExtensibilityGlobals) = postSolution
		SolutionGuid = {7AEC5EBE-EEA1-48F0-B438-CC2366F8AEB8}
	EndGlobalSection
EndGlobal
