
Microsoft Visual Studio Solution File, Format Version 12.00
# Visual Studio Version 16
VisualStudioVersion = 16.0.31005.135
MinimumVisualStudioVersion = 10.0.40219.1
Project("{FAE04EC0-301F-11D3-BF4B-00C04F79EFBC}") = "DateTimeKindExample", "DateTimeKindExample\DateTimeKindExample.csproj", "{312E85EF-5700-4491-A5F6-6DD27D930326}"
EndProject
Global
	GlobalSection(SolutionConfigurationPlatforms) = preSolution
		Debug|Any CPU = Debug|Any CPU
		Release|Any CPU = Release|Any CPU
	EndGlobalSection
	GlobalSection(ProjectConfigurationPlatforms) = postSolution
		{312E85EF-5700-4491-A5F6-6DD27D930326}.Debug|Any CPU.ActiveCfg = Debug|Any CPU
		{312E85EF-5700-4491-A5F6-6DD27D930326}.Debug|Any CPU.Build.0 = Debug|Any CPU
		{312E85EF-5700-4491-A5F6-6DD27D930326}.Release|Any CPU.ActiveCfg = Release|Any CPU
		{312E85EF-5700-4491-A5F6-6DD27D930326}.Release|Any CPU.Build.0 = Release|Any CPU
	EndGlobalSection
	GlobalSection(SolutionProperties) = preSolution
		HideSolutionNode = FALSE
	EndGlobalSection
	GlobalSection(ExtensibilityGlobals) = postSolution
		SolutionGuid = {FD8CECAC-7982-4A0E-81E0-95F2EED02A05}
	EndGlobalSection
EndGlobal
