
Microsoft Visual Studio Solution File, Format Version 12.00
# Visual Studio Version 16
VisualStudioVersion = 16.0.31005.135
MinimumVisualStudioVersion = 10.0.40219.1
Project("{FAE04EC0-301F-11D3-BF4B-00C04F79EFBC}") = "DateTimeExample", "DateTimeExample\DateTimeExample.csproj", "{302C6F9B-7890-4947-A5AA-0913F5E8CC44}"
EndProject
Global
	GlobalSection(SolutionConfigurationPlatforms) = preSolution
		Debug|Any CPU = Debug|Any CPU
		Release|Any CPU = Release|Any CPU
	EndGlobalSection
	GlobalSection(ProjectConfigurationPlatforms) = postSolution
		{302C6F9B-7890-4947-A5AA-0913F5E8CC44}.Debug|Any CPU.ActiveCfg = Debug|Any CPU
		{302C6F9B-7890-4947-A5AA-0913F5E8CC44}.Debug|Any CPU.Build.0 = Debug|Any CPU
		{302C6F9B-7890-4947-A5AA-0913F5E8CC44}.Release|Any CPU.ActiveCfg = Release|Any CPU
		{302C6F9B-7890-4947-A5AA-0913F5E8CC44}.Release|Any CPU.Build.0 = Release|Any CPU
	EndGlobalSection
	GlobalSection(SolutionProperties) = preSolution
		HideSolutionNode = FALSE
	EndGlobalSection
	GlobalSection(ExtensibilityGlobals) = postSolution
		SolutionGuid = {7AC3B321-B0B8-45C1-A832-E232F9DB3AA5}
	EndGlobalSection
EndGlobal
