
Microsoft Visual Studio Solution File, Format Version 12.00
# Visual Studio Version 16
VisualStudioVersion = 16.0.31005.135
MinimumVisualStudioVersion = 10.0.40219.1
Project("{FAE04EC0-301F-11D3-BF4B-00C04F79EFBC}") = "EnumExample", "EnumExample\EnumExample.csproj", "{94FBA00F-E3F9-4E13-AEB5-45FA9D676DD2}"
EndProject
Global
	GlobalSection(SolutionConfigurationPlatforms) = preSolution
		Debug|Any CPU = Debug|Any CPU
		Release|Any CPU = Release|Any CPU
	EndGlobalSection
	GlobalSection(ProjectConfigurationPlatforms) = postSolution
		{94FBA00F-E3F9-4E13-AEB5-45FA9D676DD2}.Debug|Any CPU.ActiveCfg = Debug|Any CPU
		{94FBA00F-E3F9-4E13-AEB5-45FA9D676DD2}.Debug|Any CPU.Build.0 = Debug|Any CPU
		{94FBA00F-E3F9-4E13-AEB5-45FA9D676DD2}.Release|Any CPU.ActiveCfg = Release|Any CPU
		{94FBA00F-E3F9-4E13-AEB5-45FA9D676DD2}.Release|Any CPU.Build.0 = Release|Any CPU
	EndGlobalSection
	GlobalSection(SolutionProperties) = preSolution
		HideSolutionNode = FALSE
	EndGlobalSection
	GlobalSection(ExtensibilityGlobals) = postSolution
		SolutionGuid = {E33575E5-7353-47E3-B94B-7930A418C7FA}
	EndGlobalSection
EndGlobal
