
Microsoft Visual Studio Solution File, Format Version 12.00
# Visual Studio Version 16
VisualStudioVersion = 16.0.31019.35
MinimumVisualStudioVersion = 10.0.40219.1
Project("{FAE04EC0-301F-11D3-BF4B-00C04F79EFBC}") = "SetsExample", "SetsExample\SetsExample.csproj", "{521C58DA-3F06-498F-BF60-7A7641475355}"
EndProject
Global
	GlobalSection(SolutionConfigurationPlatforms) = preSolution
		Debug|Any CPU = Debug|Any CPU
		Release|Any CPU = Release|Any CPU
	EndGlobalSection
	GlobalSection(ProjectConfigurationPlatforms) = postSolution
		{521C58DA-3F06-498F-BF60-7A7641475355}.Debug|Any CPU.ActiveCfg = Debug|Any CPU
		{521C58DA-3F06-498F-BF60-7A7641475355}.Debug|Any CPU.Build.0 = Debug|Any CPU
		{521C58DA-3F06-498F-BF60-7A7641475355}.Release|Any CPU.ActiveCfg = Release|Any CPU
		{521C58DA-3F06-498F-BF60-7A7641475355}.Release|Any CPU.Build.0 = Release|Any CPU
	EndGlobalSection
	GlobalSection(SolutionProperties) = preSolution
		HideSolutionNode = FALSE
	EndGlobalSection
	GlobalSection(ExtensibilityGlobals) = postSolution
		SolutionGuid = {D0A8616C-76AB-4BB7-BDA7-C4C80529DA28}
	EndGlobalSection
EndGlobal
