
Microsoft Visual Studio Solution File, Format Version 12.00
# Visual Studio Version 16
VisualStudioVersion = 16.0.31019.35
MinimumVisualStudioVersion = 10.0.40219.1
Project("{FAE04EC0-301F-11D3-BF4B-00C04F79EFBC}") = "GenericExampleTwo", "GenericExampleTwo\GenericExampleTwo.csproj", "{EF76F45D-8C9C-44A4-8DCC-F659074EFBA0}"
EndProject
Global
	GlobalSection(SolutionConfigurationPlatforms) = preSolution
		Debug|Any CPU = Debug|Any CPU
		Release|Any CPU = Release|Any CPU
	EndGlobalSection
	GlobalSection(ProjectConfigurationPlatforms) = postSolution
		{EF76F45D-8C9C-44A4-8DCC-F659074EFBA0}.Debug|Any CPU.ActiveCfg = Debug|Any CPU
		{EF76F45D-8C9C-44A4-8DCC-F659074EFBA0}.Debug|Any CPU.Build.0 = Debug|Any CPU
		{EF76F45D-8C9C-44A4-8DCC-F659074EFBA0}.Release|Any CPU.ActiveCfg = Release|Any CPU
		{EF76F45D-8C9C-44A4-8DCC-F659074EFBA0}.Release|Any CPU.Build.0 = Release|Any CPU
	EndGlobalSection
	GlobalSection(SolutionProperties) = preSolution
		HideSolutionNode = FALSE
	EndGlobalSection
	GlobalSection(ExtensibilityGlobals) = postSolution
		SolutionGuid = {D8076BE6-896E-4D4A-BCBA-C76BC770134D}
	EndGlobalSection
EndGlobal
