
Microsoft Visual Studio Solution File, Format Version 12.00
# Visual Studio Version 16
VisualStudioVersion = 16.0.30907.101
MinimumVisualStudioVersion = 10.0.40219.1
Project("{FAE04EC0-301F-11D3-BF4B-00C04F79EFBC}") = "ExercicioFixacaoVetor", "ExercicioFixacaoVetor\ExercicioFixacaoVetor.csproj", "{2230FE1E-4A27-4B22-95AC-BCF192D2D1BE}"
EndProject
Global
	GlobalSection(SolutionConfigurationPlatforms) = preSolution
		Debug|Any CPU = Debug|Any CPU
		Release|Any CPU = Release|Any CPU
	EndGlobalSection
	GlobalSection(ProjectConfigurationPlatforms) = postSolution
		{2230FE1E-4A27-4B22-95AC-BCF192D2D1BE}.Debug|Any CPU.ActiveCfg = Debug|Any CPU
		{2230FE1E-4A27-4B22-95AC-BCF192D2D1BE}.Debug|Any CPU.Build.0 = Debug|Any CPU
		{2230FE1E-4A27-4B22-95AC-BCF192D2D1BE}.Release|Any CPU.ActiveCfg = Release|Any CPU
		{2230FE1E-4A27-4B22-95AC-BCF192D2D1BE}.Release|Any CPU.Build.0 = Release|Any CPU
	EndGlobalSection
	GlobalSection(SolutionProperties) = preSolution
		HideSolutionNode = FALSE
	EndGlobalSection
	GlobalSection(ExtensibilityGlobals) = postSolution
		SolutionGuid = {159AFA07-E61F-41A4-9CDD-53B5A8F94F88}
	EndGlobalSection
EndGlobal
